
Microsoft Visual Studio Solution File, Format Version 12.00
# Visual Studio Version 17
VisualStudioVersion = 17.3.32819.101
MinimumVisualStudioVersion = 10.0.40219.1
Project("{FAE04EC0-301F-11D3-BF4B-00C04F79EFBC}") = "HT", "HT\HT.csproj", "{6A7C93A0-5049-4E0D-B058-511EF3BCEB7D}"
EndProject
Project("{FAE04EC0-301F-11D3-BF4B-00C04F79EFBC}") = "Testi", "Testi\Testi.csproj", "{3B3924D3-248C-429A-9C04-4368B79CFB0F}"
EndProject
Global
	GlobalSection(SolutionConfigurationPlatforms) = preSolution
		Debug|Any CPU = Debug|Any CPU
		Release|Any CPU = Release|Any CPU
	EndGlobalSection
	GlobalSection(ProjectConfigurationPlatforms) = postSolution
		{6A7C93A0-5049-4E0D-B058-511EF3BCEB7D}.Debug|Any CPU.ActiveCfg = Debug|Any CPU
		{6A7C93A0-5049-4E0D-B058-511EF3BCEB7D}.Debug|Any CPU.Build.0 = Debug|Any CPU
		{6A7C93A0-5049-4E0D-B058-511EF3BCEB7D}.Release|Any CPU.ActiveCfg = Release|Any CPU
		{6A7C93A0-5049-4E0D-B058-511EF3BCEB7D}.Release|Any CPU.Build.0 = Release|Any CPU
		{3B3924D3-248C-429A-9C04-4368B79CFB0F}.Debug|Any CPU.ActiveCfg = Debug|Any CPU
		{3B3924D3-248C-429A-9C04-4368B79CFB0F}.Debug|Any CPU.Build.0 = Debug|Any CPU
		{3B3924D3-248C-429A-9C04-4368B79CFB0F}.Release|Any CPU.ActiveCfg = Release|Any CPU
		{3B3924D3-248C-429A-9C04-4368B79CFB0F}.Release|Any CPU.Build.0 = Release|Any CPU
	EndGlobalSection
	GlobalSection(SolutionProperties) = preSolution
		HideSolutionNode = FALSE
	EndGlobalSection
	GlobalSection(ExtensibilityGlobals) = postSolution
		SolutionGuid = {F38406A7-A81F-4C0D-B7A7-D33BBB72AE64}
	EndGlobalSection
EndGlobal
